
Microsoft Visual Studio Solution File, Format Version 12.00
# Visual Studio Version 17
VisualStudioVersion = 17.10.35122.118
MinimumVisualStudioVersion = 10.0.40219.1
Project("{FAE04EC0-301F-11D3-BF4B-00C04F79EFBC}") = "withlogin", "withlogin.csproj", "{33AA7E04-4BDF-428C-9624-97D5E17258DA}"
EndProject
Global
	GlobalSection(SolutionConfigurationPlatforms) = preSolution
		Debug|Any CPU = Debug|Any CPU
		Release|Any CPU = Release|Any CPU
	EndGlobalSection
	GlobalSection(ProjectConfigurationPlatforms) = postSolution
		{33AA7E04-4BDF-428C-9624-97D5E17258DA}.Debug|Any CPU.ActiveCfg = Debug|Any CPU
		{33AA7E04-4BDF-428C-9624-97D5E17258DA}.Debug|Any CPU.Build.0 = Debug|Any CPU
		{33AA7E04-4BDF-428C-9624-97D5E17258DA}.Release|Any CPU.ActiveCfg = Release|Any CPU
		{33AA7E04-4BDF-428C-9624-97D5E17258DA}.Release|Any CPU.Build.0 = Release|Any CPU
	EndGlobalSection
	GlobalSection(SolutionProperties) = preSolution
		HideSolutionNode = FALSE
	EndGlobalSection
	GlobalSection(ExtensibilityGlobals) = postSolution
		SolutionGuid = {A08AC28C-EDF2-4C1A-87AA-5277826A13E4}
	EndGlobalSection
EndGlobal
